{
  "nodes": {
    "flake-compat": {
      "flake": false,
      "locked": {
        "lastModified": 1767039857,
        "narHash": "sha256-vNpUSpF5Nuw8xvDLj2KCwwksIbjua2LZCqhV1LNRDns=",
        "owner": "edolstra",
        "repo": "flake-compat",
        "rev": "5edf11c44bc78a0d334f6334cdaf7d60d732daab",
        "type": "github"
      },
      "original": {
        "owner": "edolstra",
        "repo": "flake-compat",
        "type": "github"
      }
    },
    "home-manager": {
      "inputs": {
        "nixpkgs": [
          "nixpkgs"
        ]
      },
      "locked": {
        "lastModified": 1790225410,
        "narHash": "sha256-BOyZoliWfm/beS4m3FxFKlu5at6npZen1PsWtvzzihk=",
        "owner": "nix-community",
        "repo": "home-manager",
        "rev": "4900baf1e219645e4a2acba35723852b2091bc20",
        "type": "github"
      },
      "original": {
        "owner": "nix-community",
        "repo": "home-manager",
        "type": "github"
      }
    },
    "nixpkgs": {
      "locked": {
        "lastModified": 1790178388,
        "narHash": "sha256-kK3t7gwoz4Nx8RF46cs1Xz/skKNcK7y3KYP+gGqX6W8=",
        "owner": "nixos",
        "repo": "nixpkgs",
        "rev": "00455b0a3690d3f5dc61e9aef4277dc86235b73f",
        "type": "github"
      },
      "original": {
        "owner": "nixos",
        "ref": "nixpkgs-unstable",
        "repo": "nixpkgs",
        "type": "github"
      }
    },
    "root": {
      "inputs": {
        "home-manager": "home-manager",
        "nixpkgs": "nixpkgs",
        "waybar": "waybar"
      }
    },
    "waybar": {
      "inputs": {
        "flake-compat": "flake-compat",
        "nixpkgs": [
          "nixpkgs"
        ]
      },
      "locked": {
        "lastModified": 1790276835,
        "narHash": "sha256-Y/bf7OmtwrEhdRDTkh4OVAEZX5ixL+io0W/UPJuto+g=",
        "owner": "Alexays",
        "repo": "Waybar",
        "rev": "16843896794a9c595139318420f81f40e84f8c78",
        "type": "github"
      },
      "original": {
        "owner": "Alexays",
        "repo": "Waybar",
        "type": "github"
      }
    }
  },
  "root": "root",
  "version": 7
}
